
Microsoft Visual Studio Solution File, Format Version 12.00
# Visual Studio Version 16
VisualStudioVersion = 16.0.30011.22
MinimumVisualStudioVersion = 10.0.40219.1
Project("{8BC9CEB8-8B4A-11D0-8D11-00A0C91BC942}") = "DetoursSample", "DetoursSample.vcxproj", "{172BBB12-9CCF-40B2-9988-6083096CA437}"
EndProject
Global
	GlobalSection(SolutionConfigurationPlatforms) = preSolution
		Debug|x64 = Debug|x64
		Debug|x86 = Debug|x86
		Release|x64 = Release|x64
		Release|x86 = Release|x86
	EndGlobalSection
	GlobalSection(ProjectConfigurationPlatforms) = postSolution
		{172BBB12-9CCF-40B2-9988-6083096CA437}.Debug|x64.ActiveCfg = Debug|x64
		{172BBB12-9CCF-40B2-9988-6083096CA437}.Debug|x64.Build.0 = Debug|x64
		{172BBB12-9CCF-40B2-9988-6083096CA437}.Debug|x86.ActiveCfg = Debug|Win32
		{172BBB12-9CCF-40B2-9988-6083096CA437}.Debug|x86.Build.0 = Debug|Win32
		{172BBB12-9CCF-40B2-9988-6083096CA437}.Release|x64.ActiveCfg = Release|x64
		{172BBB12-9CCF-40B2-9988-6083096CA437}.Release|x64.Build.0 = Release|x64
		{172BBB12-9CCF-40B2-9988-6083096CA437}.Release|x86.ActiveCfg = Release|Win32
		{172BBB12-9CCF-40B2-9988-6083096CA437}.Release|x86.Build.0 = Release|Win32
	EndGlobalSection
	GlobalSection(SolutionProperties) = preSolution
		HideSolutionNode = FALSE
	EndGlobalSection
	GlobalSection(ExtensibilityGlobals) = postSolution
		SolutionGuid = {E5A3C892-B9D8-4B71-A33A-35D9E231CDF0}
	EndGlobalSection
EndGlobal
